
Microsoft Visual Studio Solution File, Format Version 12.00
Project("{FAE04EC0-301F-11D3-BF4B-00C04F79EFBC}") = "SCFE", "SCFE\SCFE.csproj", "{D2F7F4E5-C2A7-449B-81AC-86230BEC1247}"
EndProject
Project("{FAE04EC0-301F-11D3-BF4B-00C04F79EFBC}") = "Viu", "Viu\Viu.csproj", "{49D213AA-E54E-45FA-889F-254D6416649B}"
EndProject
Global
	GlobalSection(SolutionConfigurationPlatforms) = preSolution
		Debug|Any CPU = Debug|Any CPU
		Release|Any CPU = Release|Any CPU
	EndGlobalSection
	GlobalSection(ProjectConfigurationPlatforms) = postSolution
		{D2F7F4E5-C2A7-449B-81AC-86230BEC1247}.Debug|Any CPU.ActiveCfg = Debug|Any CPU
		{D2F7F4E5-C2A7-449B-81AC-86230BEC1247}.Debug|Any CPU.Build.0 = Debug|Any CPU
		{D2F7F4E5-C2A7-449B-81AC-86230BEC1247}.Release|Any CPU.ActiveCfg = Release|Any CPU
		{D2F7F4E5-C2A7-449B-81AC-86230BEC1247}.Release|Any CPU.Build.0 = Release|Any CPU
		{49D213AA-E54E-45FA-889F-254D6416649B}.Debug|Any CPU.ActiveCfg = Debug|Any CPU
		{49D213AA-E54E-45FA-889F-254D6416649B}.Debug|Any CPU.Build.0 = Debug|Any CPU
		{49D213AA-E54E-45FA-889F-254D6416649B}.Release|Any CPU.ActiveCfg = Release|Any CPU
		{49D213AA-E54E-45FA-889F-254D6416649B}.Release|Any CPU.Build.0 = Release|Any CPU
	EndGlobalSection
EndGlobal
